
Microsoft Visual Studio Solution File, Format Version 12.00
# Visual Studio 15
VisualStudioVersion = 15.0.27130.2010
MinimumVisualStudioVersion = 10.0.40219.1
Project("{FAE04EC0-301F-11D3-BF4B-00C04F79EFBC}") = "Registration", "Registration\Registration.csproj", "{00B5237E-39F5-4848-8ADC-A2E4E9818A33}"
EndProject
Project("{FAE04EC0-301F-11D3-BF4B-00C04F79EFBC}") = "Registration.Data", "Registration.Data\Registration.Data.csproj", "{0AD20BFD-2AD4-4F45-994A-D4E10BF39F3E}"
EndProject
Project("{FAE04EC0-301F-11D3-BF4B-00C04F79EFBC}") = "Registration.Repository", "Registration.Repository\Registration.Repository.csproj", "{1971CC61-F44A-4A33-A10B-1D66706F0D71}"
EndProject
Global
	GlobalSection(SolutionConfigurationPlatforms) = preSolution
		Debug|Any CPU = Debug|Any CPU
		Release|Any CPU = Release|Any CPU
	EndGlobalSection
	GlobalSection(ProjectConfigurationPlatforms) = postSolution
		{00B5237E-39F5-4848-8ADC-A2E4E9818A33}.Debug|Any CPU.ActiveCfg = Debug|Any CPU
		{00B5237E-39F5-4848-8ADC-A2E4E9818A33}.Debug|Any CPU.Build.0 = Debug|Any CPU
		{00B5237E-39F5-4848-8ADC-A2E4E9818A33}.Release|Any CPU.ActiveCfg = Release|Any CPU
		{00B5237E-39F5-4848-8ADC-A2E4E9818A33}.Release|Any CPU.Build.0 = Release|Any CPU
		{0AD20BFD-2AD4-4F45-994A-D4E10BF39F3E}.Debug|Any CPU.ActiveCfg = Debug|Any CPU
		{0AD20BFD-2AD4-4F45-994A-D4E10BF39F3E}.Debug|Any CPU.Build.0 = Debug|Any CPU
		{0AD20BFD-2AD4-4F45-994A-D4E10BF39F3E}.Release|Any CPU.ActiveCfg = Release|Any CPU
		{0AD20BFD-2AD4-4F45-994A-D4E10BF39F3E}.Release|Any CPU.Build.0 = Release|Any CPU
		{1971CC61-F44A-4A33-A10B-1D66706F0D71}.Debug|Any CPU.ActiveCfg = Debug|Any CPU
		{1971CC61-F44A-4A33-A10B-1D66706F0D71}.Debug|Any CPU.Build.0 = Debug|Any CPU
		{1971CC61-F44A-4A33-A10B-1D66706F0D71}.Release|Any CPU.ActiveCfg = Release|Any CPU
		{1971CC61-F44A-4A33-A10B-1D66706F0D71}.Release|Any CPU.Build.0 = Release|Any CPU
	EndGlobalSection
	GlobalSection(SolutionProperties) = preSolution
		HideSolutionNode = FALSE
	EndGlobalSection
	GlobalSection(ExtensibilityGlobals) = postSolution
		SolutionGuid = {28C5190A-A39A-41B0-95D6-71B40E46A4D5}
	EndGlobalSection
EndGlobal
